
Microsoft Visual Studio Solution File, Format Version 12.00
# Visual Studio Version 17
VisualStudioVersion = 17.1.32210.238
MinimumVisualStudioVersion = 10.0.40219.1
Project("{9A19103F-16F7-4668-BE54-9A1E7A4F7556}") = "DataAccessLayer", "DataAccessLayer\DataAccessLayer.csproj", "{3AF69BF0-F864-4134-9008-2985064A4778}"
EndProject
Project("{9A19103F-16F7-4668-BE54-9A1E7A4F7556}") = "BusinessLayer", "BusinessLayer\BusinessLayer.csproj", "{E49AF0EB-89C8-4BA0-BBB2-9F7EFC36FE7B}"
EndProject
Project("{2150E333-8FDC-42A3-9474-1A3956D46DE8}") = "Designs", "Designs", "{DC6B8E22-443E-479B-BC32-60FD3AE10A3D}"
	ProjectSection(SolutionItems) = preProject
		Designs\DataLayers.drawio = Designs\DataLayers.drawio
		Designs\UML_BusinessLayer.drawio = Designs\UML_BusinessLayer.drawio
		Designs\UML_DataAccessLayer.drawio = Designs\UML_DataAccessLayer.drawio
		Designs\UML_PresentationLayer.drawio = Designs\UML_PresentationLayer.drawio
	EndProjectSection
EndProject
Project("{9A19103F-16F7-4668-BE54-9A1E7A4F7556}") = "PresentationLayer", "PresentationLayer\PresentationLayer.csproj", "{98678F32-C3CB-4175-91AD-9B50CF04F690}"
EndProject
Project("{FAE04EC0-301F-11D3-BF4B-00C04F79EFBC}") = "PresentationLayerWPF", "PresentationLayerWPF\PresentationLayerWPF.csproj", "{18B0F6D0-3339-49A2-966D-036664D4B555}"
EndProject
Global
	GlobalSection(SolutionConfigurationPlatforms) = preSolution
		Debug|Any CPU = Debug|Any CPU
		Release|Any CPU = Release|Any CPU
	EndGlobalSection
	GlobalSection(ProjectConfigurationPlatforms) = postSolution
		{3AF69BF0-F864-4134-9008-2985064A4778}.Debug|Any CPU.ActiveCfg = Debug|Any CPU
		{3AF69BF0-F864-4134-9008-2985064A4778}.Debug|Any CPU.Build.0 = Debug|Any CPU
		{3AF69BF0-F864-4134-9008-2985064A4778}.Release|Any CPU.ActiveCfg = Release|Any CPU
		{3AF69BF0-F864-4134-9008-2985064A4778}.Release|Any CPU.Build.0 = Release|Any CPU
		{E49AF0EB-89C8-4BA0-BBB2-9F7EFC36FE7B}.Debug|Any CPU.ActiveCfg = Debug|Any CPU
		{E49AF0EB-89C8-4BA0-BBB2-9F7EFC36FE7B}.Debug|Any CPU.Build.0 = Debug|Any CPU
		{E49AF0EB-89C8-4BA0-BBB2-9F7EFC36FE7B}.Release|Any CPU.ActiveCfg = Release|Any CPU
		{E49AF0EB-89C8-4BA0-BBB2-9F7EFC36FE7B}.Release|Any CPU.Build.0 = Release|Any CPU
		{98678F32-C3CB-4175-91AD-9B50CF04F690}.Debug|Any CPU.ActiveCfg = Debug|Any CPU
		{98678F32-C3CB-4175-91AD-9B50CF04F690}.Debug|Any CPU.Build.0 = Debug|Any CPU
		{98678F32-C3CB-4175-91AD-9B50CF04F690}.Release|Any CPU.ActiveCfg = Release|Any CPU
		{98678F32-C3CB-4175-91AD-9B50CF04F690}.Release|Any CPU.Build.0 = Release|Any CPU
		{18B0F6D0-3339-49A2-966D-036664D4B555}.Debug|Any CPU.ActiveCfg = Debug|Any CPU
		{18B0F6D0-3339-49A2-966D-036664D4B555}.Debug|Any CPU.Build.0 = Debug|Any CPU
		{18B0F6D0-3339-49A2-966D-036664D4B555}.Release|Any CPU.ActiveCfg = Release|Any CPU
		{18B0F6D0-3339-49A2-966D-036664D4B555}.Release|Any CPU.Build.0 = Release|Any CPU
	EndGlobalSection
	GlobalSection(SolutionProperties) = preSolution
		HideSolutionNode = FALSE
	EndGlobalSection
	GlobalSection(ExtensibilityGlobals) = postSolution
		SolutionGuid = {D764171A-C243-486C-BF5C-2B61985ADF50}
	EndGlobalSection
EndGlobal
